{
    "_meta": {
        "hash": {
            "sha256": "1d6a7e009c46df3ef8580cc6448e21f06099ff63218661ddc3c988a5fb387e6b"
        },
        "pipfile-spec": 6,
        "requires": {
            "python_version": "3"
        },
        "sources": [
            {
                "name": "pypi",
                "url": "https://pypi.org/simple",
                "verify_ssl": true
            }
        ]
    },
    "default": {
        "attrs": {
            "hashes": [
                "sha256:29e95c7f6778868dbd49170f98f8818f78f3dc5e0e37c0b1f474e3561b240836",
                "sha256:c9227bfc2f01993c03f68db37d1d15c9690188323c067c641f1a35ca58185f99"
            ],
            "markers": "python_version >= '3.6'",
            "version": "==22.2.0"
        },
        "boto3": {
            "hashes": [
                "sha256:3737d8a506f50065bb2366a6b8e7545d88034f4771527790a125e0abd307d8e8",
                "sha256:9c434bcd02c527485c89d6efbd38b7c205e06ab06abe80e5dbf9a8be836c77c2"
            ],
            "index": "pypi",
            "version": "==1.26.50"
        },
        "botocore": {
            "hashes": [
                "sha256:0e9ab19787ad7a079c00d3e40b16bc66423e54bc0e8a203b70b543bd8854d5ad",
                "sha256:5cc68b78a48217550c18b4639420b7c3b48ed9e09e749343143acbfa423ceec5"
            ],
            "markers": "python_version >= '3.7'",
            "version": "==1.29.50"
        },
        "cattrs": {
            "hashes": [
                "sha256:bc12b1f0d000b9f9bee83335887d532a1d3e99a833d1bf0882151c97d3e68c21",
                "sha256:f0eed5642399423cf656e7b66ce92cdc5b963ecafd041d1b24d136fdde7acf6d"
            ],
            "markers": "python_version >= '3.7'",
            "version": "==22.2.0"
        },
        "cdktf": {
            "hashes": [
                "sha256:628ead84ce3b9a6187cd6aafa12ce7d1959a24e1ea6c9daec0092472074c3ec0",
                "sha256:674c0c3b66024ddbcf45051ea9651e56db40af09bb04d85298322c3e4d948d20"
            ],
            "index": "pypi",
            "version": "==0.15.0"
        },
        "cdktf-cdktf-provider-aws": {
            "hashes": [
                "sha256:721be2ea60bee3098de9ecef6467714465ab20f43d6022436067b5ace0394113",
                "sha256:a2c46a1890b851bac4ae528014569c3b10c094fa465130fbca36e650852de66a"
            ],
            "index": "pypi",
            "version": "==12.0.0"
        },
        "cdktf-cdktf-provider-local": {
            "hashes": [
                "sha256:30ce2fb4364d73263daf2c0a05bf1ea0c4fde3a40f4162cc0885a193548cc92a",
                "sha256:7dd1f31155c8f95082e5b4751d586be2fd571ed47a4366ff1c9e0b555db1a358"
            ],
            "index": "pypi",
            "version": "==5.0.0"
        },
        "constructs": {
            "hashes": [
                "sha256:7fe16f5a5b1eb8bab6c99878d5f0c51facfb50f5de0a5c64f7cbf64f8cf2876c",
                "sha256:e799e374ca85c32b98f0309096aeee06ceb8336a9c493b72a690f11a18c1731a"
            ],
            "markers": "python_version ~= '3.7'",
            "version": "==10.1.222"
        },
        "exceptiongroup": {
            "hashes": [
                "sha256:327cbda3da756e2de031a3107b81ab7b3770a602c4d16ca618298c526f4bec1e",
                "sha256:bcb67d800a4497e1b404c2dd44fca47d3b7a5e5433dbab67f96c1a685cdfdf23"
            ],
            "markers": "python_version < '3.11'",
            "version": "==1.1.0"
        },
        "jmespath": {
            "hashes": [
                "sha256:02e2e4cc71b5bcab88332eebf907519190dd9e6e82107fa7f83b1003a6252980",
                "sha256:90261b206d6defd58fdd5e85f478bf633a2901798906be2ad389150c5c60edbe"
            ],
            "markers": "python_version >= '3.7'",
            "version": "==1.0.1"
        },
        "jsii": {
            "hashes": [
                "sha256:13e8496c3afee70d85401ad1eef2ddedbdb88e7e7abb3e68302dd6e61527191e",
                "sha256:be6458236e787be0b02c2fe869b6f4ed906398b6cc537190d61a60d2b5c9dfbb"
            ],
            "markers": "python_version ~= '3.7'",
            "version": "==1.73.0"
        },
        "publication": {
            "hashes": [
                "sha256:0248885351febc11d8a1098d5c8e3ab2dabcf3e8c0c96db1e17ecd12b53afbe6",
                "sha256:68416a0de76dddcdd2930d1c8ef853a743cc96c82416c4e4d3b5d901c6276dc4"
            ],
            "version": "==0.0.3"
        },
        "python-dateutil": {
            "hashes": [
                "sha256:0123cacc1627ae19ddf3c27a5de5bd67ee4586fbdd6440d9748f8abb483d3e86",
                "sha256:961d03dc3453ebbc59dbdea9e4e11c5651520a876d0f4db161e8674aae935da9"
            ],
            "markers": "python_version >= '2.7' and python_version not in '3.0, 3.1, 3.2, 3.3'",
            "version": "==2.8.2"
        },
        "s3transfer": {
            "hashes": [
                "sha256:06176b74f3a15f61f1b4f25a1fc29a4429040b7647133a463da8fa5bd28d5ecd",
                "sha256:2ed07d3866f523cc561bf4a00fc5535827981b117dd7876f036b0c1aca42c947"
            ],
            "markers": "python_version >= '3.7'",
            "version": "==0.6.0"
        },
        "six": {
            "hashes": [
                "sha256:1e61c37477a1626458e36f7b1d82aa5c9b094fa4802892072e49de9c60c4c926",
                "sha256:8abb2f1d86890a2dfb989f9a77cfcfd3e47c2a354b01111771326f8aa26e0254"
            ],
            "markers": "python_version >= '2.7' and python_version not in '3.0, 3.1, 3.2, 3.3'",
            "version": "==1.16.0"
        },
        "typeguard": {
            "hashes": [
                "sha256:00edaa8da3a133674796cf5ea87d9f4b4c367d77476e185e80251cc13dfbb8c4",
                "sha256:5e3e3be01e887e7eafae5af63d1f36c849aaa94e3a0112097312aabfa16284f1"
            ],
            "markers": "python_full_version >= '3.5.3'",
            "version": "==2.13.3"
        },
        "typing-extensions": {
            "hashes": [
                "sha256:1511434bb92bf8dd198c12b1cc812e800d4181cfcb867674e0f8279cc93087aa",
                "sha256:16fa4864408f655d35ec496218b85f79b3437c829e93320c7c9215ccfd92489e"
            ],
            "markers": "python_version >= '3.7'",
            "version": "==4.4.0"
        },
        "urllib3": {
            "hashes": [
                "sha256:076907bf8fd355cde77728471316625a4d2f7e713c125f51953bb5b3eecf4f72",
                "sha256:75edcdc2f7d85b137124a6c3c9fc3933cdeaa12ecb9a6a959f22797a0feca7e1"
            ],
            "markers": "python_version >= '2.7' and python_version not in '3.0, 3.1, 3.2, 3.3, 3.4, 3.5'",
            "version": "==1.26.14"
        }
    },
    "develop": {}
}
