{
    "_meta": {
        "hash": {
            "sha256": "26ce1610238c50a490e2b3771e31f8553e1f2cb030967ddbb5a63322df2bff33"
        },
        "pipfile-spec": 6,
        "requires": {
            "python_version": "3"
        },
        "sources": [
            {
                "name": "pypi",
                "url": "https://pypi.org/simple",
                "verify_ssl": true
            }
        ]
    },
    "default": {
        "attrs": {
            "hashes": [
                "sha256:2d27e3784d7a565d36ab851fe94887c5eccd6a463168875832a1be79c82828b4",
                "sha256:626ba8234211db98e869df76230a137c4c40a12d72445c45d5f5b716f076e2fd"
            ],
            "markers": "python_version >= '2.7' and python_version not in '3.0, 3.1, 3.2, 3.3, 3.4'",
            "version": "==21.4.0"
        },
        "boto3": {
            "hashes": [
                "sha256:0821212ff521cb934801b1f655cef3c0e976775324b1018f1751700d0f42dbb4",
                "sha256:87d34861727699c795bf8d65703f2435e75f12879bdd483e08b35b7c5510e8c8"
            ],
            "index": "pypi",
            "version": "==1.24.9"
        },
        "botocore": {
            "hashes": [
                "sha256:5669b982b0583e73daef1fe0a4df311055e6287326f857dbb1dcc2de1d8412ad",
                "sha256:7a7588b0170e571317496ac4104803329d5bc792bc008e8a757ffd440f1b6fa6"
            ],
            "markers": "python_version >= '3.7'",
            "version": "==1.27.9"
        },
        "cattrs": {
            "hashes": [
                "sha256:94b67b64cf92c994f8784c40c082177dc916e0489a73a9a36b24eb18a9db40c6",
                "sha256:d55c477b4672f93606e992049f15d526dc7867e6c756cd6256d4af92e2b1e364"
            ],
            "markers": "python_version >= '3.7' and python_version < '4.0'",
            "version": "==22.1.0"
        },
        "cdktf": {
            "hashes": [
                "sha256:044eeececeac0cc4682275e54b6056a514480e0769e4dddad885102b3114f4eb",
                "sha256:cb936b3901097ef4895efc0c2a537ca89316848e6cfe63d9a801e58639c69507"
            ],
            "index": "pypi",
            "version": "==0.10.4"
        },
        "cdktf-cdktf-provider-aws": {
            "hashes": [
                "sha256:15b71a4bfae2116e5addc7791bbdd04ae8d83569b57449b3e339c61e0cff379b",
                "sha256:35aaaf6fca839c5ac1003f8a4a2e3d7eefb85aacf57e77a9b2893e50897c7c2f"
            ],
            "index": "pypi",
            "version": "==7.0.68"
        },
        "cdktf-cdktf-provider-local": {
            "hashes": [
                "sha256:541906d81df439dd81b367fed5c714cf49b007f867d6501b963d60bcb3f90f81",
                "sha256:8fd7243af6b721a32ec18e0a9d732f8ae052e8a7a765d7fe3aaa924e098bffbc"
            ],
            "index": "pypi",
            "version": "==0.4.64"
        },
        "constructs": {
            "hashes": [
                "sha256:738b32cd611f626a4f26b6edbc16910a18def427e25d2b9a109225ea91a1eeb7",
                "sha256:f27045150501882e94bcedfbc0d0aacd0833130b4cf0ce753cd8cd80debbef69"
            ],
            "markers": "python_version ~= '3.7'",
            "version": "==10.1.40"
        },
        "exceptiongroup": {
            "hashes": [
                "sha256:6990c24f06b8d33c8065cfe43e5e8a4bfa384e0358be036af9cc60b6321bd11a",
                "sha256:ab0a968e1ef769e55d9a596f4a89f7be9ffedbc9fdefdb77cc68cf5c33ce1035"
            ],
            "markers": "python_version < '3.11'",
            "version": "==1.0.0rc8"
        },
        "jmespath": {
            "hashes": [
                "sha256:a490e280edd1f57d6de88636992d05b71e97d69a26a19f058ecf7d304474bf5e",
                "sha256:e8dcd576ed616f14ec02eed0005c85973b5890083313860136657e24784e4c04"
            ],
            "markers": "python_version >= '3.7'",
            "version": "==1.0.0"
        },
        "jsii": {
            "hashes": [
                "sha256:0f1e6c8c5f05ad2b494309664ed0268c32dab3fa2a84a4d6604ba8eeaf2b9148",
                "sha256:615e1854a461b3bcf234ca75a48cd0a45a4e71d5913c2f270bdd9b93e033b088"
            ],
            "markers": "python_version ~= '3.7'",
            "version": "==1.60.1"
        },
        "publication": {
            "hashes": [
                "sha256:0248885351febc11d8a1098d5c8e3ab2dabcf3e8c0c96db1e17ecd12b53afbe6",
                "sha256:68416a0de76dddcdd2930d1c8ef853a743cc96c82416c4e4d3b5d901c6276dc4"
            ],
            "version": "==0.0.3"
        },
        "python-dateutil": {
            "hashes": [
                "sha256:0123cacc1627ae19ddf3c27a5de5bd67ee4586fbdd6440d9748f8abb483d3e86",
                "sha256:961d03dc3453ebbc59dbdea9e4e11c5651520a876d0f4db161e8674aae935da9"
            ],
            "markers": "python_version >= '2.7' and python_version not in '3.0, 3.1, 3.2, 3.3'",
            "version": "==2.8.2"
        },
        "s3transfer": {
            "hashes": [
                "sha256:06176b74f3a15f61f1b4f25a1fc29a4429040b7647133a463da8fa5bd28d5ecd",
                "sha256:2ed07d3866f523cc561bf4a00fc5535827981b117dd7876f036b0c1aca42c947"
            ],
            "markers": "python_version >= '3.7'",
            "version": "==0.6.0"
        },
        "six": {
            "hashes": [
                "sha256:1e61c37477a1626458e36f7b1d82aa5c9b094fa4802892072e49de9c60c4c926",
                "sha256:8abb2f1d86890a2dfb989f9a77cfcfd3e47c2a354b01111771326f8aa26e0254"
            ],
            "markers": "python_version >= '2.7' and python_version not in '3.0, 3.1, 3.2, 3.3'",
            "version": "==1.16.0"
        },
        "typing-extensions": {
            "hashes": [
                "sha256:6657594ee297170d19f67d55c05852a874e7eb634f4f753dbd667855e07c1708",
                "sha256:f1c24655a0da0d1b67f07e17a5e6b2a105894e6824b92096378bb3668ef02376"
            ],
            "markers": "python_version >= '3.7'",
            "version": "==4.2.0"
        },
        "urllib3": {
            "hashes": [
                "sha256:44ece4d53fb1706f667c9bd1c648f5469a2ec925fcf3a776667042d645472c14",
                "sha256:aabaf16477806a5e1dd19aa41f8c2b7950dd3c746362d7e3223dbe6de6ac448e"
            ],
            "markers": "python_version >= '2.7' and python_version not in '3.0, 3.1, 3.2, 3.3, 3.4' and python_version < '4.0'",
            "version": "==1.26.9"
        }
    },
    "develop": {}
}
